<?xml version="1.0" encoding="utf-8"?>
<Project ToolsVersion="15.0" xmlns="http://schemas.microsoft.com/developer/msbuild/2003">
  <ItemGroup>
    <Filter Include="Common">
      <UniqueIdentifier>77076403-c7f2-4725-850a-f055b7fc7df0</UniqueIdentifier>
    </Filter>
    <Filter Include="Assets">
      <UniqueIdentifier>e24be403-c8c7-473b-8618-c272d10037bd</UniqueIdentifier>
      <Extensions>bmp;fbx;gif;jpg;jpeg;tga;tiff;tif;png</Extensions>
    </Filter>
    <Filter Include="UI">
      <UniqueIdentifier>{f5dfbcde-cceb-42d7-979d-f9926b6149dc}</UniqueIdentifier>
    </Filter>
    <Filter Include="Logic">
      <UniqueIdentifier>{d926c9d3-fb2f-4e41-9b94-9f2104a1d2dd}</UniqueIdentifier>
    </Filter>
  </ItemGroup>
  <ItemGroup>
    <Image Include="Assets\LockScreenLogo.scale-200.png">
      <Filter>Assets</Filter>
    </Image>
    <Image Include="Assets\SplashScreen.scale-200.png">
      <Filter>Assets</Filter>
    </Image>
    <Image Include="Assets\Square150x150Logo.scale-200.png">
      <Filter>Assets</Filter>
    </Image>
    <Image Include="Assets\Square44x44Logo.scale-200.png">
      <Filter>Assets</Filter>
    </Image>
    <Image Include="Assets\Square44x44Logo.targetsize-24_altform-unplated.png">
      <Filter>Assets</Filter>
    </Image>
    <Image Include="Assets\StoreLogo.png">
      <Filter>Assets</Filter>
    </Image>
    <Image Include="Assets\Wide310x150Logo.scale-200.png">
      <Filter>Assets</Filter>
    </Image>
    <Image Include="Assets\WelcomeBackground.jpeg">
      <Filter>Assets</Filter>
    </Image>
    <Image Include="Assets\WelcomeBackground.png">
      <Filter>Assets</Filter>
    </Image>
    <Image Include="Assets\cross-out-clipart-5.png">
      <Filter>Assets</Filter>
    </Image>
    <Image Include="Assets\Brown selected.png">
      <Filter>Assets</Filter>
    </Image>
    <Image Include="Assets\Brown.png">
      <Filter>Assets</Filter>
    </Image>
    <Image Include="Assets\White selected.png">
      <Filter>Assets</Filter>
    </Image>
    <Image Include="Assets\White.png">
      <Filter>Assets</Filter>
    </Image>
  </ItemGroup>
  <ItemGroup>
    <Page Include="GameFindPage.xaml">
      <Filter>UI</Filter>
    </Page>
    <Page Include="GamePage.xaml">
      <Filter>UI</Filter>
    </Page>
    <Page Include="MainPage.xaml">
      <Filter>UI</Filter>
    </Page>
    <Page Include="SettingsPage.xaml">
      <Filter>UI</Filter>
    </Page>
  </ItemGroup>
  <ItemGroup>
    <ApplicationDefinition Include="App.xaml">
      <Filter>UI</Filter>
    </ApplicationDefinition>
  </ItemGroup>
  <ItemGroup>
    <None Include="App1_TemporaryKey.pfx">
      <Filter>UI</Filter>
    </None>
    <None Include="Chess_TemporaryKey.pfx" />
  </ItemGroup>
  <ItemGroup>
    <AppxManifest Include="Package.appxmanifest">
      <Filter>UI</Filter>
    </AppxManifest>
  </ItemGroup>
  <ItemGroup>
    <ClCompile Include="pch.cpp">
      <Filter>UI</Filter>
    </ClCompile>
    <ClCompile Include="Game.cpp">
      <Filter>Logic</Filter>
    </ClCompile>
    <ClCompile Include="Board.cpp">
      <Filter>Logic</Filter>
    </ClCompile>
  </ItemGroup>
  <ItemGroup>
    <ClInclude Include="pch.h">
      <Filter>UI</Filter>
    </ClInclude>
    <ClInclude Include="Game.h">
      <Filter>Logic</Filter>
    </ClInclude>
    <ClInclude Include="Board.h">
      <Filter>Logic</Filter>
    </ClInclude>
  </ItemGroup>
</Project>